
Microsoft Visual Studio Solution File, Format Version 12.00
# Visual Studio Version 16
VisualStudioVersion = 16.0.29709.97
MinimumVisualStudioVersion = 10.0.40219.1
Project("{FAE04EC0-301F-11D3-BF4B-00C04F79EFBC}") = "Teste_app_center_2020.Android", "Teste_app_center_2020.Android\Teste_app_center_2020.Android.csproj", "{93440994-C5C1-4230-B581-B45285C4D415}"
EndProject
Project("{FAE04EC0-301F-11D3-BF4B-00C04F79EFBC}") = "Teste_app_center_2020", "Teste_app_center_2020\Teste_app_center_2020.csproj", "{4151BEF2-BE46-4717-9D13-835C9A8C9855}"
EndProject
Global
	GlobalSection(SolutionConfigurationPlatforms) = preSolution
		Debug|Any CPU = Debug|Any CPU
		Release|Any CPU = Release|Any CPU
	EndGlobalSection
	GlobalSection(ProjectConfigurationPlatforms) = postSolution
		{93440994-C5C1-4230-B581-B45285C4D415}.Debug|Any CPU.ActiveCfg = Debug|Any CPU
		{93440994-C5C1-4230-B581-B45285C4D415}.Debug|Any CPU.Build.0 = Debug|Any CPU
		{93440994-C5C1-4230-B581-B45285C4D415}.Debug|Any CPU.Deploy.0 = Debug|Any CPU
		{93440994-C5C1-4230-B581-B45285C4D415}.Release|Any CPU.ActiveCfg = Release|Any CPU
		{93440994-C5C1-4230-B581-B45285C4D415}.Release|Any CPU.Build.0 = Release|Any CPU
		{93440994-C5C1-4230-B581-B45285C4D415}.Release|Any CPU.Deploy.0 = Release|Any CPU
		{4151BEF2-BE46-4717-9D13-835C9A8C9855}.Debug|Any CPU.ActiveCfg = Debug|Any CPU
		{4151BEF2-BE46-4717-9D13-835C9A8C9855}.Debug|Any CPU.Build.0 = Debug|Any CPU
		{4151BEF2-BE46-4717-9D13-835C9A8C9855}.Debug|Any CPU.Deploy.0 = Debug|Any CPU
		{4151BEF2-BE46-4717-9D13-835C9A8C9855}.Release|Any CPU.ActiveCfg = Release|Any CPU
		{4151BEF2-BE46-4717-9D13-835C9A8C9855}.Release|Any CPU.Build.0 = Release|Any CPU
		{4151BEF2-BE46-4717-9D13-835C9A8C9855}.Release|Any CPU.Deploy.0 = Release|Any CPU
	EndGlobalSection
	GlobalSection(SolutionProperties) = preSolution
		HideSolutionNode = FALSE
	EndGlobalSection
	GlobalSection(ExtensibilityGlobals) = postSolution
		SolutionGuid = {DCEAF146-8403-4B2D-9B93-1C104ADDCB58}
	EndGlobalSection
EndGlobal
